%{
  "atecc508a": {:hex, :atecc508a, "0.2.0", "ebf734dc57fcfe9b0cade69a92564608bf815c9e030b18319d0965138261bbba", [:mix], [{:circuits_i2c, "~> 0.2", [hex: :circuits_i2c, repo: "hexpm", optional: false]}, {:x509, "~> 0.5.1 or ~> 0.6", [hex: :x509, repo: "hexpm", optional: false]}], "hexpm"},
  "circuits_i2c": {:hex, :circuits_i2c, "0.3.3", "9c3e22b5622214ab1b9c2af166cce53a3562f7ef32e7a6cb40a2298925487a95", [:make, :mix], [{:elixir_make, "~> 0.5", [hex: :elixir_make, repo: "hexpm", optional: false]}], "hexpm"},
  "dialyxir": {:hex, :dialyxir, "1.0.0-rc.6", "78e97d9c0ff1b5521dd68041193891aebebce52fc3b93463c0a6806874557d7d", [:mix], [{:erlex, "~> 0.2.1", [hex: :erlex, repo: "hexpm", optional: false]}], "hexpm"},
  "earmark": {:hex, :earmark, "1.3.2", "b840562ea3d67795ffbb5bd88940b1bed0ed9fa32834915125ea7d02e35888a5", [:mix], [], "hexpm"},
  "elixir_circuits_i2c": {:git, "https://github.com/elixir-circuits/i2c.git", "60b45c6959f302b688558cb083f3f27aed4e082e", []},
  "elixir_make": {:hex, :elixir_make, "0.5.2", "96a28c79f5b8d34879cd95ebc04d2a0d678cfbbd3e74c43cb63a76adf0ee8054", [:mix], [], "hexpm"},
  "erlex": {:hex, :erlex, "0.2.1", "cee02918660807cbba9a7229cae9b42d1c6143b768c781fa6cee1eaf03ad860b", [:mix], [], "hexpm"},
  "ex_doc": {:hex, :ex_doc, "0.20.2", "1bd0dfb0304bade58beb77f20f21ee3558cc3c753743ae0ddbb0fd7ba2912331", [:mix], [{:earmark, "~> 1.3", [hex: :earmark, repo: "hexpm", optional: false]}, {:makeup_elixir, "~> 0.10", [hex: :makeup_elixir, repo: "hexpm", optional: false]}], "hexpm"},
  "i2c": {:git, "https://github.com/elixir-circuits/i2c.git", "34275072c5dd30ac52c89a6d775e74f5bba2fb8f", []},
  "makeup": {:hex, :makeup, "0.8.0", "9cf32aea71c7fe0a4b2e9246c2c4978f9070257e5c9ce6d4a28ec450a839b55f", [:mix], [{:nimble_parsec, "~> 0.5.0", [hex: :nimble_parsec, repo: "hexpm", optional: false]}], "hexpm"},
  "makeup_elixir": {:hex, :makeup_elixir, "0.13.0", "be7a477997dcac2e48a9d695ec730b2d22418292675c75aa2d34ba0909dcdeda", [:mix], [{:makeup, "~> 0.8", [hex: :makeup, repo: "hexpm", optional: false]}], "hexpm"},
  "mox": {:hex, :mox, "0.4.0", "7f120840f7d626184a3d65de36189ca6f37d432e5d63acd80045198e4c5f7e6e", [:mix], [], "hexpm"},
  "nerves_key_pkcs11": {:hex, :nerves_key_pkcs11, "0.2.1", "bccd4faca41081cd1eaa51afc4530ad323fa6fc2085e5ba423306a244aa177e8", [:make, :mix], [{:elixir_make, "~> 0.4", [hex: :elixir_make, repo: "hexpm", optional: false]}], "hexpm"},
  "nimble_parsec": {:hex, :nimble_parsec, "0.5.0", "90e2eca3d0266e5c53f8fbe0079694740b9c91b6747f2b7e3c5d21966bba8300", [:mix], [], "hexpm"},
  "x509": {:hex, :x509, "0.5.4", "471e84f81464b1a55fd1e5441887c15e6ef251e0ec827647f659fc1f68282bee", [:mix], [], "hexpm"},
}
