%{
  "elixir_circuits_i2c": {:git, "https://github.com/elixir-circuits/i2c.git", "60b45c6959f302b688558cb083f3f27aed4e082e", []},
  "elixir_make": {:hex, :elixir_make, "0.4.2", "332c649d08c18bc1ecc73b1befc68c647136de4f340b548844efc796405743bf", [:mix], [], "hexpm"},
  "i2c": {:git, "https://github.com/elixir-circuits/i2c.git", "34275072c5dd30ac52c89a6d775e74f5bba2fb8f", []},
  "x509": {:hex, :x509, "0.3.0", "c6f3db66960c6e4f424d1e6cca5c7d730e0a577af8dc115a613f4560ce1df6d3", [:mix], [], "hexpm"},
}
